
Microsoft Visual Studio Solution File, Format Version 12.00
# Visual Studio Version 17
VisualStudioVersion = 17.14.36518.9 d17.14
MinimumVisualStudioVersion = 10.0.40219.1
Project("{FAE04EC0-301F-11D3-BF4B-00C04F79EFBC}") = "ProgramcionObjetos", "ProgramcionObjetos.csproj", "{94D209A5-AB12-457C-A87B-B1B24488D233}"
EndProject
Global
	GlobalSection(SolutionConfigurationPlatforms) = preSolution
		Debug|Any CPU = Debug|Any CPU
		Release|Any CPU = Release|Any CPU
	EndGlobalSection
	GlobalSection(ProjectConfigurationPlatforms) = postSolution
		{94D209A5-AB12-457C-A87B-B1B24488D233}.Debug|Any CPU.ActiveCfg = Debug|Any CPU
		{94D209A5-AB12-457C-A87B-B1B24488D233}.Debug|Any CPU.Build.0 = Debug|Any CPU
		{94D209A5-AB12-457C-A87B-B1B24488D233}.Release|Any CPU.ActiveCfg = Release|Any CPU
		{94D209A5-AB12-457C-A87B-B1B24488D233}.Release|Any CPU.Build.0 = Release|Any CPU
	EndGlobalSection
	GlobalSection(SolutionProperties) = preSolution
		HideSolutionNode = FALSE
	EndGlobalSection
	GlobalSection(ExtensibilityGlobals) = postSolution
		SolutionGuid = {3EA125F0-83CC-4C61-99AC-7B3E73A54F18}
	EndGlobalSection
EndGlobal
