
Microsoft Visual Studio Solution File, Format Version 12.00
# Visual Studio Version 17
VisualStudioVersion = 17.14.36518.9 d17.14
MinimumVisualStudioVersion = 10.0.40219.1
Project("{FAE04EC0-301F-11D3-BF4B-00C04F79EFBC}") = "Trabajo_Pro", "Trabajo_Pro.csproj", "{FB89E1EC-B8C7-4DB4-B034-F9C89F7BE8FA}"
EndProject
Global
	GlobalSection(SolutionConfigurationPlatforms) = preSolution
		Debug|Any CPU = Debug|Any CPU
		Release|Any CPU = Release|Any CPU
	EndGlobalSection
	GlobalSection(ProjectConfigurationPlatforms) = postSolution
		{FB89E1EC-B8C7-4DB4-B034-F9C89F7BE8FA}.Debug|Any CPU.ActiveCfg = Debug|Any CPU
		{FB89E1EC-B8C7-4DB4-B034-F9C89F7BE8FA}.Debug|Any CPU.Build.0 = Debug|Any CPU
		{FB89E1EC-B8C7-4DB4-B034-F9C89F7BE8FA}.Release|Any CPU.ActiveCfg = Release|Any CPU
		{FB89E1EC-B8C7-4DB4-B034-F9C89F7BE8FA}.Release|Any CPU.Build.0 = Release|Any CPU
	EndGlobalSection
	GlobalSection(SolutionProperties) = preSolution
		HideSolutionNode = FALSE
	EndGlobalSection
	GlobalSection(ExtensibilityGlobals) = postSolution
		SolutionGuid = {23074F71-E88A-48E9-8238-D740883115F3}
	EndGlobalSection
EndGlobal
